
Microsoft Visual Studio Solution File, Format Version 12.00
# Visual Studio Version 16
VisualStudioVersion = 16.0.29920.165
MinimumVisualStudioVersion = 10.0.40219.1
Project("{FAE04EC0-301F-11D3-BF4B-00C04F79EFBC}") = "PraticaCap04", "PraticaCap04\PraticaCap04.csproj", "{754A6355-A29F-4421-A234-4BAE334345A1}"
EndProject
Global
	GlobalSection(SolutionConfigurationPlatforms) = preSolution
		Debug|Any CPU = Debug|Any CPU
		Release|Any CPU = Release|Any CPU
	EndGlobalSection
	GlobalSection(ProjectConfigurationPlatforms) = postSolution
		{754A6355-A29F-4421-A234-4BAE334345A1}.Debug|Any CPU.ActiveCfg = Debug|Any CPU
		{754A6355-A29F-4421-A234-4BAE334345A1}.Debug|Any CPU.Build.0 = Debug|Any CPU
		{754A6355-A29F-4421-A234-4BAE334345A1}.Release|Any CPU.ActiveCfg = Release|Any CPU
		{754A6355-A29F-4421-A234-4BAE334345A1}.Release|Any CPU.Build.0 = Release|Any CPU
	EndGlobalSection
	GlobalSection(SolutionProperties) = preSolution
		HideSolutionNode = FALSE
	EndGlobalSection
	GlobalSection(ExtensibilityGlobals) = postSolution
		SolutionGuid = {D1AB7E39-FBFA-419C-8ACC-F69B89A05AF8}
	EndGlobalSection
EndGlobal
